{
  "Kickstarter.xcodeproj": {
    "packages": [
      {
        "repositoryURL": "https://github.com/apollographql/apollo-ios.git",
        "requirement": {
          "kind": "exactVersion",
          "version": "0.44.0"
        }
      },
      {
        "repositoryURL": "https://github.com/kickstarter/Kickstarter-Prelude.git",
        "requirement": {
          "kind": "upToNextMajorVersion",
          "minimumVersion": "1.0.0"
        }
      },
      {
        "repositoryURL": "https://github.com/stripe/stripe-ios",
        "requirement": {
          "kind": "upToNextMajorVersion",
          "minimumVersion": "23.10.0"
        }
      },
      {
        "repositoryURL": "https://github.com/Alamofire/AlamofireImage",
        "requirement": {
          "kind": "upToNextMajorVersion",
          "minimumVersion": "4.2.0"
        }
      },
      {
        "repositoryURL": "https://github.com/onevcat/Kingfisher",
        "requirement": {
          "kind": "upToNextMajorVersion",
          "minimumVersion": "7.10.0"
        }
      },
      {
        "repositoryURL": "https://github.com/scinfu/SwiftSoup",
        "requirement": {
          "kind": "upToNextMajorVersion",
          "minimumVersion": "2.4.3"
        }
      },
      {
        "repositoryURL": "https://github.com/facebook/facebook-ios-sdk",
        "requirement": {
          "kind": "upToNextMajorVersion",
          "minimumVersion": "9.0.0"
        }
      },
      {
        "repositoryURL": "https://github.com/firebase/firebase-ios-sdk.git",
        "requirement": {
          "kind": "upToNextMajorVersion",
          "minimumVersion": "11.4.0"
        }
      },
      {
        "repositoryURL": "https://github.com/kickstarter/Kickstarter-ReactiveExtensions",
        "requirement": {
          "kind": "upToNextMajorVersion",
          "minimumVersion": "2.0.0"
        }
      },
      {
        "repositoryURL": "https://github.com/pointfreeco/swift-snapshot-testing",
        "requirement": {
          "kind": "upToNextMajorVersion",
          "minimumVersion": "1.0.0"
        }
      },
      {
        "repositoryURL": "https://github.com/Appboy/appboy-segment-ios",
        "requirement": {
          "kind": "upToNextMajorVersion",
          "minimumVersion": "4.0.0"
        }
      },
      {
        "repositoryURL": "https://github.com/yeatse/KingfisherWebP.git",
        "requirement": {
          "kind": "upToNextMajorVersion",
          "minimumVersion": "1.6.0"
        }
      },
      {
        "repositoryURL": "https://github.com/airbnb/lottie-ios.git",
        "requirement": {
          "kind": "upToNextMajorVersion",
          "minimumVersion": "4.5.1"
        }
      }
    ],
    "dependencies": {
      "Kickstarter-iOS": [
        "Kickstarter-Prelude/Prelude",
        "appboy-segment-ios/AppboySegment"
      ],
      "Library-iOS": [
        "Kickstarter-Prelude/Prelude_UIKit",
        "AlamofireImage/AlamofireImage",
        "Kingfisher/Kingfisher",
        "facebook-ios-sdk/FacebookCore",
        "facebook-ios-sdk/FacebookLogin",
        "appboy-segment-ios/AppboySegment",
        "firebase-ios-sdk/FirebaseCrashlytics",
        "firebase-ios-sdk/FirebasePerformance",
        "firebase-ios-sdk/FirebaseAnalytics",
        "firebase-ios-sdk/FirebaseRemoteConfig",
        "stripe-ios/Stripe",
        "stripe-ios/StripePaymentSheet",
        "Kickstarter-Prelude/Prelude",
        "KingfisherWebP/KingfisherWebP",
        "lottie-ios/Lottie"
      ],
      "Library-iOSTests": [
        "Kickstarter-ReactiveExtensions/ReactiveExtensions-TestHelpers",
        "swift-snapshot-testing/SnapshotTesting"
      ],
      "Library-Keychain-iOSTests": [

      ],
      "Kickstarter-Framework-iOS": [
        "Kickstarter-Prelude/Prelude"
      ],
      "Kickstarter-Framework-iOSTests": [
        "Kickstarter-ReactiveExtensions/ReactiveExtensions-TestHelpers",
        "swift-snapshot-testing/SnapshotTesting"
      ],
      "KsApi": [
        "apollo-ios/Apollo",
        "apollo-ios/ApolloAPI",
        "apollo-ios/ApolloUtils",
        "Kickstarter-Prelude/Prelude",
        "SwiftSoup/SwiftSoup",
        "Kickstarter-ReactiveExtensions/ReactiveExtensions"
      ],
      "KsApiTests": [

      ],
      "RichPushNotifications": [

      ]
    }
  }
}